
Microsoft Visual Studio Solution File, Format Version 12.00
# Visual Studio Version 16
VisualStudioVersion = 16.0.31624.102
MinimumVisualStudioVersion = 10.0.40219.1
Project("{FAE04EC0-301F-11D3-BF4B-00C04F79EFBC}") = "FunWithArrays", "FunWithArrays\FunWithArrays.csproj", "{579B2AF4-C2E4-4351-A593-30CA5C8C04F9}"
EndProject
Global
	GlobalSection(SolutionConfigurationPlatforms) = preSolution
		Debug|Any CPU = Debug|Any CPU
		Release|Any CPU = Release|Any CPU
	EndGlobalSection
	GlobalSection(ProjectConfigurationPlatforms) = postSolution
		{579B2AF4-C2E4-4351-A593-30CA5C8C04F9}.Debug|Any CPU.ActiveCfg = Debug|Any CPU
		{579B2AF4-C2E4-4351-A593-30CA5C8C04F9}.Debug|Any CPU.Build.0 = Debug|Any CPU
		{579B2AF4-C2E4-4351-A593-30CA5C8C04F9}.Release|Any CPU.ActiveCfg = Release|Any CPU
		{579B2AF4-C2E4-4351-A593-30CA5C8C04F9}.Release|Any CPU.Build.0 = Release|Any CPU
	EndGlobalSection
	GlobalSection(SolutionProperties) = preSolution
		HideSolutionNode = FALSE
	EndGlobalSection
	GlobalSection(ExtensibilityGlobals) = postSolution
		SolutionGuid = {39A48F8B-D1C4-430F-A7B4-199A54DDCC6D}
	EndGlobalSection
EndGlobal
